<?xml version="1.0" encoding="utf-8"?>
<Project ToolsVersion="4.0" xmlns="http://schemas.microsoft.com/developer/msbuild/2003">
  <ItemGroup>
    <Filter Include="Source Files">
      <UniqueIdentifier>{4FC737F1-C7A5-4376-A066-2A32D752A2FF}</UniqueIdentifier>
      <Extensions>cpp;c;cc;cxx;c++;cppm;ixx;def;odl;idl;hpj;bat;asm;asmx</Extensions>
    </Filter>
    <Filter Include="Header Files">
      <UniqueIdentifier>{93995380-89BD-4b04-88EB-625FBE52EBFB}</UniqueIdentifier>
      <Extensions>h;hh;hpp;hxx;h++;hm;inl;inc;ipp;xsd</Extensions>
    </Filter>
    <Filter Include="Resource Files">
      <UniqueIdentifier>{67DA6AB6-F800-4c08-8B7A-83BB121AAD01}</UniqueIdentifier>
      <Extensions>rc;ico;cur;bmp;dlg;rc2;rct;bin;rgs;gif;jpg;jpeg;jpe;resx;tiff;tif;png;wav;mfcribbon-ms</Extensions>
    </Filter>
  </ItemGroup>
  <ItemGroup>
    <ClCompile Include="renderer.cpp">
      <Filter>Source Files</Filter>
    </ClCompile>
    <ClCompile Include="glad.c">
      <Filter>Source Files</Filter>
    </ClCompile>
    <ClCompile Include="loadTilemap.cpp">
      <Filter>Source Files</Filter>
    </ClCompile>
    <ClCompile Include="gameLoop.cpp">
      <Filter>Source Files</Filter>
    </ClCompile>
    <ClCompile Include="testing.cpp">
      <Filter>Source Files</Filter>
    </ClCompile>
    <ClCompile Include="handleStart.cpp">
      <Filter>Source Files</Filter>
    </ClCompile>
    <ClCompile Include="levelEditor.cpp">
      <Filter>Source Files</Filter>
    </ClCompile>
    <ClCompile Include="newRenderer.cpp">
      <Filter>Source Files</Filter>
    </ClCompile>
  </ItemGroup>
  <ItemGroup>
    <Library Include="lib\glfw3.lib" />
  </ItemGroup>
  <ItemGroup>
    <ClInclude Include="include\GLAD\glad.h">
      <Filter>Header Files</Filter>
    </ClInclude>
    <ClInclude Include="include\GLFW\glfw3.h">
      <Filter>Header Files</Filter>
    </ClInclude>
    <ClInclude Include="include\GLFW\glfw3native.h">
      <Filter>Header Files</Filter>
    </ClInclude>
    <ClInclude Include="include\KHR\khrplatform.h">
      <Filter>Header Files</Filter>
    </ClInclude>
    <ClInclude Include="include\TIMEWARP ENGINE\loadTilemap.h">
      <Filter>Header Files</Filter>
    </ClInclude>
    <ClInclude Include="include\TIMEWARP ENGINE\renderer.h">
      <Filter>Header Files</Filter>
    </ClInclude>
    <ClInclude Include="include\STB\stb_image.h">
      <Filter>Header Files</Filter>
    </ClInclude>
    <ClInclude Include="include\TIMEWARP ENGINE\gameLoop.h">
      <Filter>Header Files</Filter>
    </ClInclude>
    <ClInclude Include="include\SHADER CLASS\shader.h">
      <Filter>Header Files</Filter>
    </ClInclude>
    <ClInclude Include="include\TIMEWARP ENGINE\levelEditor.h">
      <Filter>Header Files</Filter>
    </ClInclude>
  </ItemGroup>
  <ItemGroup>
    <Text Include="testFile.txt" />
    <Text Include="src\shaders\tile_vertex_shader.txt" />
    <Text Include="src\shaders\tile_fragment_shader.txt" />
    <Text Include="src\shaders\player_fragment_shader.txt" />
    <Text Include="src\shaders\player_vertex_shader.txt" />
    <Text Include="src\shaders\simple_tile_vertex_shader.txt" />
    <Text Include="src\shaders\simple_tile_fragment_shader.txt" />
    <Text Include="src\shaders\outline_fragment_shader.txt" />
    <Text Include="src\shaders\outline_vertex_shader.txt" />
    <Text Include="src\shaders\parallax_vertex_shader.txt" />
    <Text Include="src\shaders\parallax_fragment_shader.txt" />
  </ItemGroup>
  <ItemGroup>
    <Image Include="src\textures\blocks.png">
      <Filter>Resource Files</Filter>
    </Image>
    <Image Include="src\textures\player.png">
      <Filter>Resource Files</Filter>
    </Image>
    <Image Include="src\textures\outline.png">
      <Filter>Resource Files</Filter>
    </Image>
  </ItemGroup>
</Project>